# This file is automatically @generated by Cargo.
# It is not intended for manual editing.
version = 3

[[package]]
name = "jag-core"
version = "0.1.0"

[[package]]
name = "jag-debug"
version = "0.1.0"
dependencies = [
 "jag-core",
]

[[package]]
name = "jag-headless"
version = "0.1.0"
dependencies = [
 "jag-core",
]

[[package]]
name = "jag-instance"
version = "0.1.0"

[[package]]
name = "jagemu"
version = "0.1.0"
dependencies = [
 "jag-core",
 "jag-debug",
 "jag-headless",
 "jag-instance",
]

[[package]]
name = "jas"
version = "0.1.0"
dependencies = [
 "jag-core",
]
